{
  "requires": true,
  "lockfileVersion": 1,
  "dependencies": {
    "aos": {
      "version": "2.3.0",
      "resolved": "https://registry.npmjs.org/aos/-/aos-2.3.0.tgz",
      "integrity": "sha512-3zU8sfLft+ZH45D1wKQ5RVgMB02VDz0yHY4VtO2EyZHgTPuxi5G2UNHX4ROs1HUjxkyx38Ic83A33hqUgNHFoA==",
      "requires": {
        "classlist-polyfill": "1.2.0",
        "lodash.debounce": "4.0.8",
        "lodash.throttle": "4.1.1"
      }
    },
    "classlist-polyfill": {
      "version": "1.2.0",
      "resolved": "https://registry.npmjs.org/classlist-polyfill/-/classlist-polyfill-1.2.0.tgz",
      "integrity": "sha1-k1vC39lFiodrJ5YXUUY4vKqWSi4="
    },
    "gsap": {
      "version": "2.0.0",
      "resolved": "https://registry.npmjs.org/gsap/-/gsap-2.0.0.tgz",
      "integrity": "sha512-A1qvpv4sb397c5txnuShXoTMG41zv82XTMDlltOJO8Tcvn/knjR3llaUuzsremk6nBMZCmpsNZfiNhmcOC5XIg=="
    },
    "jquery": {
      "version": "3.3.1",
      "resolved": "https://registry.npmjs.org/jquery/-/jquery-3.3.1.tgz",
      "integrity": "sha512-Ubldcmxp5np52/ENotGxlLe6aGMvmF4R8S6tZjsP6Knsaxd/xp3Zrh50cG93lR6nPXyUFwzN3ZSOQI0wRJNdGg=="
    },
    "jquery.localscroll": {
      "version": "2.0.0",
      "resolved": "https://registry.npmjs.org/jquery.localscroll/-/jquery.localscroll-2.0.0.tgz",
      "integrity": "sha1-mJg7de/tjCaL9NssYL3wqkOQPEs="
    },
    "jquery.scrollto": {
      "version": "2.1.2",
      "resolved": "https://registry.npmjs.org/jquery.scrollto/-/jquery.scrollto-2.1.2.tgz",
      "integrity": "sha1-51gNnHrEbvW7JTGUg/b0VxP9fGw=",
      "requires": {
        "jquery": "3.3.1"
      }
    },
    "lodash.debounce": {
      "version": "4.0.8",
      "resolved": "https://registry.npmjs.org/lodash.debounce/-/lodash.debounce-4.0.8.tgz",
      "integrity": "sha1-gteb/zCmfEAF/9XiUVMArZyk168="
    },
    "lodash.throttle": {
      "version": "4.1.1",
      "resolved": "https://registry.npmjs.org/lodash.throttle/-/lodash.throttle-4.1.1.tgz",
      "integrity": "sha1-wj6RtxAkKscMN/HhzaknTMOb8vQ="
    },
    "scrollmagic": {
      "version": "2.0.5",
      "resolved": "https://registry.npmjs.org/scrollmagic/-/scrollmagic-2.0.5.tgz",
      "integrity": "sha1-rXWXNBx2+x9KW+wSlooJIjvQjdk="
    }
  }
}
